
Microsoft Visual Studio Solution File, Format Version 12.00
# Visual Studio Version 17
VisualStudioVersion = 17.8.34322.80
MinimumVisualStudioVersion = 10.0.40219.1
Project("{FAE04EC0-301F-11D3-BF4B-00C04F79EFBC}") = "Mvc Proje1YT", "Mvc Proje1YT\Mvc Proje1YT.csproj", "{31D63B1C-997B-4271-82AE-10ECD37D7133}"
EndProject
Global
	GlobalSection(SolutionConfigurationPlatforms) = preSolution
		Debug|Any CPU = Debug|Any CPU
		Release|Any CPU = Release|Any CPU
	EndGlobalSection
	GlobalSection(ProjectConfigurationPlatforms) = postSolution
		{31D63B1C-997B-4271-82AE-10ECD37D7133}.Debug|Any CPU.ActiveCfg = Debug|Any CPU
		{31D63B1C-997B-4271-82AE-10ECD37D7133}.Debug|Any CPU.Build.0 = Debug|Any CPU
		{31D63B1C-997B-4271-82AE-10ECD37D7133}.Release|Any CPU.ActiveCfg = Release|Any CPU
		{31D63B1C-997B-4271-82AE-10ECD37D7133}.Release|Any CPU.Build.0 = Release|Any CPU
	EndGlobalSection
	GlobalSection(SolutionProperties) = preSolution
		HideSolutionNode = FALSE
	EndGlobalSection
	GlobalSection(ExtensibilityGlobals) = postSolution
		SolutionGuid = {F83D8484-1782-4A1A-AB96-A326F8FF40F2}
	EndGlobalSection
EndGlobal
